
Microsoft Visual Studio Solution File, Format Version 12.00
# Visual Studio Version 17
VisualStudioVersion = 17.7.34018.315
MinimumVisualStudioVersion = 10.0.40219.1
Project("{FAE04EC0-301F-11D3-BF4B-00C04F79EFBC}") = "IDGenerator", "IDGenerator\IDGenerator.csproj", "{623C8CA2-BB84-44B0-BEB0-004752748CBF}"
EndProject
Global
	GlobalSection(SolutionConfigurationPlatforms) = preSolution
		Debug|Any CPU = Debug|Any CPU
		Release|Any CPU = Release|Any CPU
	EndGlobalSection
	GlobalSection(ProjectConfigurationPlatforms) = postSolution
		{623C8CA2-BB84-44B0-BEB0-004752748CBF}.Debug|Any CPU.ActiveCfg = Debug|Any CPU
		{623C8CA2-BB84-44B0-BEB0-004752748CBF}.Debug|Any CPU.Build.0 = Debug|Any CPU
		{623C8CA2-BB84-44B0-BEB0-004752748CBF}.Release|Any CPU.ActiveCfg = Release|Any CPU
		{623C8CA2-BB84-44B0-BEB0-004752748CBF}.Release|Any CPU.Build.0 = Release|Any CPU
	EndGlobalSection
	GlobalSection(SolutionProperties) = preSolution
		HideSolutionNode = FALSE
	EndGlobalSection
	GlobalSection(ExtensibilityGlobals) = postSolution
		SolutionGuid = {3A0F55A9-ED77-454F-9F36-9117F4494136}
	EndGlobalSection
EndGlobal
